// !$*UTF8*$!
{
	archiveVersion = 1;
	classes = {
	};
	objectVersion = 46;
	objects = {

/* Begin PBXBuildFile section */
		1B506D421F5B61EF00DDEB85 /* AppDelegate.swift in Sources */ = {isa = PBXBuildFile; fileRef = 1B506D411F5B61EF00DDEB85 /* AppDelegate.swift */; };
		1B506D441F5B61EF00DDEB85 /* ViewController.swift in Sources */ = {isa = PBXBuildFile; fileRef = 1B506D431F5B61EF00DDEB85 /* ViewController.swift */; };
		1B506D471F5B61EF00DDEB85 /* Main.storyboard in Resources */ = {isa = PBXBuildFile; fileRef = 1B506D451F5B61EF00DDEB85 /* Main.storyboard */; };
		1B506D4A1F5B61EF00DDEB85 /* DarkSkyWeatherApp.xcdatamodeld in Sources */ = {isa = PBXBuildFile; fileRef = 1B506D481F5B61EF00DDEB85 /* DarkSkyWeatherApp.xcdatamodeld */; };
		1B506D4C1F5B61EF00DDEB85 /* Assets.xcassets in Resources */ = {isa = PBXBuildFile; fileRef = 1B506D4B1F5B61EF00DDEB85 /* Assets.xcassets */; };
		1B506D4F1F5B61EF00DDEB85 /* LaunchScreen.storyboard in Resources */ = {isa = PBXBuildFile; fileRef = 1B506D4D1F5B61EF00DDEB85 /* LaunchScreen.storyboard */; };
		1B506D5A1F5B61EF00DDEB85 /* DarkSkyWeatherAppTests.swift in Sources */ = {isa = PBXBuildFile; fileRef = 1B506D591F5B61EF00DDEB85 /* DarkSkyWeatherAppTests.swift */; };
		1B506D651F5B61EF00DDEB85 /* DarkSkyWeatherAppUITests.swift in Sources */ = {isa = PBXBuildFile; fileRef = 1B506D641F5B61EF00DDEB85 /* DarkSkyWeatherAppUITests.swift */; };
		1B506D731F5B623F00DDEB85 /* DarkSkyAPIClient.swift in Sources */ = {isa = PBXBuildFile; fileRef = 1B506D721F5B623F00DDEB85 /* DarkSkyAPIClient.swift */; };
		1B506D751F5D017200DDEB85 /* CurrentWeather.swift in Sources */ = {isa = PBXBuildFile; fileRef = 1B506D741F5D017200DDEB85 /* CurrentWeather.swift */; };
		1B506D771F5D018A00DDEB85 /* WeatherDataStore.swift in Sources */ = {isa = PBXBuildFile; fileRef = 1B506D761F5D018A00DDEB85 /* WeatherDataStore.swift */; };
/* End PBXBuildFile section */

/* Begin PBXContainerItemProxy section */
		1B506D561F5B61EF00DDEB85 /* PBXContainerItemProxy */ = {
			isa = PBXContainerItemProxy;
			containerPortal = 1B506D361F5B61EF00DDEB85 /* Project object */;
			proxyType = 1;
			remoteGlobalIDString = 1B506D3D1F5B61EF00DDEB85;
			remoteInfo = DarkSkyWeatherApp;
		};
		1B506D611F5B61EF00DDEB85 /* PBXContainerItemProxy */ = {
			isa = PBXContainerItemProxy;
			containerPortal = 1B506D361F5B61EF00DDEB85 /* Project object */;
			proxyType = 1;
			remoteGlobalIDString = 1B506D3D1F5B61EF00DDEB85;
			remoteInfo = DarkSkyWeatherApp;
		};
/* End PBXContainerItemProxy section */

/* Begin PBXFileReference section */
		1B506D3E1F5B61EF00DDEB85 /* DarkSkyWeatherApp.app */ = {isa = PBXFileReference; explicitFileType = wrapper.application; includeInIndex = 0; path = DarkSkyWeatherApp.app; sourceTree = BUILT_PRODUCTS_DIR; };
		1B506D411F5B61EF00DDEB85 /* AppDelegate.swift */ = {isa = PBXFileReference; lastKnownFileType = sourcecode.swift; path = AppDelegate.swift; sourceTree = "<group>"; };
		1B506D431F5B61EF00DDEB85 /* ViewController.swift */ = {isa = PBXFileReference; lastKnownFileType = sourcecode.swift; path = ViewController.swift; sourceTree = "<group>"; };
		1B506D461F5B61EF00DDEB85 /* Base */ = {isa = PBXFileReference; lastKnownFileType = file.storyboard; name = Base; path = Base.lproj/Main.storyboard; sourceTree = "<group>"; };
		1B506D491F5B61EF00DDEB85 /* DarkSkyWeatherApp.xcdatamodel */ = {isa = PBXFileReference; lastKnownFileType = wrapper.xcdatamodel; path = DarkSkyWeatherApp.xcdatamodel; sourceTree = "<group>"; };
		1B506D4B1F5B61EF00DDEB85 /* Assets.xcassets */ = {isa = PBXFileReference; lastKnownFileType = folder.assetcatalog; path = Assets.xcassets; sourceTree = "<group>"; };
		1B506D4E1F5B61EF00DDEB85 /* Base */ = {isa = PBXFileReference; lastKnownFileType = file.storyboard; name = Base; path = Base.lproj/LaunchScreen.storyboard; sourceTree = "<group>"; };
		1B506D501F5B61EF00DDEB85 /* Info.plist */ = {isa = PBXFileReference; lastKnownFileType = text.plist.xml; path = Info.plist; sourceTree = "<group>"; };
		1B506D551F5B61EF00DDEB85 /* DarkSkyWeatherAppTests.xctest */ = {isa = PBXFileReference; explicitFileType = wrapper.cfbundle; includeInIndex = 0; path = DarkSkyWeatherAppTests.xctest; sourceTree = BUILT_PRODUCTS_DIR; };
		1B506D591F5B61EF00DDEB85 /* DarkSkyWeatherAppTests.swift */ = {isa = PBXFileReference; lastKnownFileType = sourcecode.swift; path = DarkSkyWeatherAppTests.swift; sourceTree = "<group>"; };
		1B506D5B1F5B61EF00DDEB85 /* Info.plist */ = {isa = PBXFileReference; lastKnownFileType = text.plist.xml; path = Info.plist; sourceTree = "<group>"; };
		1B506D601F5B61EF00DDEB85 /* DarkSkyWeatherAppUITests.xctest */ = {isa = PBXFileReference; explicitFileType = wrapper.cfbundle; includeInIndex = 0; path = DarkSkyWeatherAppUITests.xctest; sourceTree = BUILT_PRODUCTS_DIR; };
		1B506D641F5B61EF00DDEB85 /* DarkSkyWeatherAppUITests.swift */ = {isa = PBXFileReference; lastKnownFileType = sourcecode.swift; path = DarkSkyWeatherAppUITests.swift; sourceTree = "<group>"; };
		1B506D661F5B61EF00DDEB85 /* Info.plist */ = {isa = PBXFileReference; lastKnownFileType = text.plist.xml; path = Info.plist; sourceTree = "<group>"; };
		1B506D721F5B623F00DDEB85 /* DarkSkyAPIClient.swift */ = {isa = PBXFileReference; fileEncoding = 4; lastKnownFileType = sourcecode.swift; name = DarkSkyAPIClient.swift; path = ../../../../Desktop/DarkSkyAPIClient.swift; sourceTree = "<group>"; };
		1B506D741F5D017200DDEB85 /* CurrentWeather.swift */ = {isa = PBXFileReference; fileEncoding = 4; lastKnownFileType = sourcecode.swift; name = CurrentWeather.swift; path = ../../../../Desktop/CurrentWeather.swift; sourceTree = "<group>"; };
		1B506D761F5D018A00DDEB85 /* WeatherDataStore.swift */ = {isa = PBXFileReference; fileEncoding = 4; lastKnownFileType = sourcecode.swift; name = WeatherDataStore.swift; path = ../../../../Desktop/WeatherDataStore.swift; sourceTree = "<group>"; };
/* End PBXFileReference section */

/* Begin PBXFrameworksBuildPhase section */
		1B506D3B1F5B61EF00DDEB85 /* Frameworks */ = {
			isa = PBXFrameworksBuildPhase;
			buildActionMask = 2147483647;
			files = (
			);
			runOnlyForDeploymentPostprocessing = 0;
		};
		1B506D521F5B61EF00DDEB85 /* Frameworks */ = {
			isa = PBXFrameworksBuildPhase;
			buildActionMask = 2147483647;
			files = (
			);
			runOnlyForDeploymentPostprocessing = 0;
		};
		1B506D5D1F5B61EF00DDEB85 /* Frameworks */ = {
			isa = PBXFrameworksBuildPhase;
			buildActionMask = 2147483647;
			files = (
			);
			runOnlyForDeploymentPostprocessing = 0;
		};
/* End PBXFrameworksBuildPhase section */

/* Begin PBXGroup section */
		1B506D351F5B61EF00DDEB85 = {
			isa = PBXGroup;
			children = (
				1B506D401F5B61EF00DDEB85 /* DarkSkyWeatherApp */,
				1B506D581F5B61EF00DDEB85 /* DarkSkyWeatherAppTests */,
				1B506D631F5B61EF00DDEB85 /* DarkSkyWeatherAppUITests */,
				1B506D3F1F5B61EF00DDEB85 /* Products */,
			);
			sourceTree = "<group>";
		};
		1B506D3F1F5B61EF00DDEB85 /* Products */ = {
			isa = PBXGroup;
			children = (
				1B506D3E1F5B61EF00DDEB85 /* DarkSkyWeatherApp.app */,
				1B506D551F5B61EF00DDEB85 /* DarkSkyWeatherAppTests.xctest */,
				1B506D601F5B61EF00DDEB85 /* DarkSkyWeatherAppUITests.xctest */,
			);
			name = Products;
			sourceTree = "<group>";
		};
		1B506D401F5B61EF00DDEB85 /* DarkSkyWeatherApp */ = {
			isa = PBXGroup;
			children = (
				1B506D411F5B61EF00DDEB85 /* AppDelegate.swift */,
				1B506D721F5B623F00DDEB85 /* DarkSkyAPIClient.swift */,
				1B506D741F5D017200DDEB85 /* CurrentWeather.swift */,
				1B506D761F5D018A00DDEB85 /* WeatherDataStore.swift */,
				1B506D431F5B61EF00DDEB85 /* ViewController.swift */,
				1B506D451F5B61EF00DDEB85 /* Main.storyboard */,
				1B506D4B1F5B61EF00DDEB85 /* Assets.xcassets */,
				1B506D4D1F5B61EF00DDEB85 /* LaunchScreen.storyboard */,
				1B506D501F5B61EF00DDEB85 /* Info.plist */,
				1B506D481F5B61EF00DDEB85 /* DarkSkyWeatherApp.xcdatamodeld */,
			);
			path = DarkSkyWeatherApp;
			sourceTree = "<group>";
		};
		1B506D581F5B61EF00DDEB85 /* DarkSkyWeatherAppTests */ = {
			isa = PBXGroup;
			children = (
				1B506D591F5B61EF00DDEB85 /* DarkSkyWeatherAppTests.swift */,
				1B506D5B1F5B61EF00DDEB85 /* Info.plist */,
			);
			path = DarkSkyWeatherAppTests;
			sourceTree = "<group>";
		};
		1B506D631F5B61EF00DDEB85 /* DarkSkyWeatherAppUITests */ = {
			isa = PBXGroup;
			children = (
				1B506D641F5B61EF00DDEB85 /* DarkSkyWeatherAppUITests.swift */,
				1B506D661F5B61EF00DDEB85 /* Info.plist */,
			);
			path = DarkSkyWeatherAppUITests;
			sourceTree = "<group>";
		};
/* End PBXGroup section */

/* Begin PBXNativeTarget section */
		1B506D3D1F5B61EF00DDEB85 /* DarkSkyWeatherApp */ = {
			isa = PBXNativeTarget;
			buildConfigurationList = 1B506D691F5B61EF00DDEB85 /* Build configuration list for PBXNativeTarget "DarkSkyWeatherApp" */;
			buildPhases = (
				1B506D3A1F5B61EF00DDEB85 /* Sources */,
				1B506D3B1F5B61EF00DDEB85 /* Frameworks */,
				1B506D3C1F5B61EF00DDEB85 /* Resources */,
			);
			buildRules = (
			);
			dependencies = (
			);
			name = DarkSkyWeatherApp;
			productName = DarkSkyWeatherApp;
			productReference = 1B506D3E1F5B61EF00DDEB85 /* DarkSkyWeatherApp.app */;
			productType = "com.apple.product-type.application";
		};
		1B506D541F5B61EF00DDEB85 /* DarkSkyWeatherAppTests */ = {
			isa = PBXNativeTarget;
			buildConfigurationList = 1B506D6C1F5B61EF00DDEB85 /* Build configuration list for PBXNativeTarget "DarkSkyWeatherAppTests" */;
			buildPhases = (
				1B506D511F5B61EF00DDEB85 /* Sources */,
				1B506D521F5B61EF00DDEB85 /* Frameworks */,
				1B506D531F5B61EF00DDEB85 /* Resources */,
			);
			buildRules = (
			);
			dependencies = (
				1B506D571F5B61EF00DDEB85 /* PBXTargetDependency */,
			);
			name = DarkSkyWeatherAppTests;
			productName = DarkSkyWeatherAppTests;
			productReference = 1B506D551F5B61EF00DDEB85 /* DarkSkyWeatherAppTests.xctest */;
			productType = "com.apple.product-type.bundle.unit-test";
		};
		1B506D5F1F5B61EF00DDEB85 /* DarkSkyWeatherAppUITests */ = {
			isa = PBXNativeTarget;
			buildConfigurationList = 1B506D6F1F5B61EF00DDEB85 /* Build configuration list for PBXNativeTarget "DarkSkyWeatherAppUITests" */;
			buildPhases = (
				1B506D5C1F5B61EF00DDEB85 /* Sources */,
				1B506D5D1F5B61EF00DDEB85 /* Frameworks */,
				1B506D5E1F5B61EF00DDEB85 /* Resources */,
			);
			buildRules = (
			);
			dependencies = (
				1B506D621F5B61EF00DDEB85 /* PBXTargetDependency */,
			);
			name = DarkSkyWeatherAppUITests;
			productName = DarkSkyWeatherAppUITests;
			productReference = 1B506D601F5B61EF00DDEB85 /* DarkSkyWeatherAppUITests.xctest */;
			productType = "com.apple.product-type.bundle.ui-testing";
		};
/* End PBXNativeTarget section */

/* Begin PBXProject section */
		1B506D361F5B61EF00DDEB85 /* Project object */ = {
			isa = PBXProject;
			attributes = {
				LastSwiftUpdateCheck = 0820;
				LastUpgradeCheck = 0820;
				ORGANIZATIONNAME = "Flatiron School";
				TargetAttributes = {
					1B506D3D1F5B61EF00DDEB85 = {
						CreatedOnToolsVersion = 8.2.1;
						ProvisioningStyle = Automatic;
					};
					1B506D541F5B61EF00DDEB85 = {
						CreatedOnToolsVersion = 8.2.1;
						ProvisioningStyle = Automatic;
						TestTargetID = 1B506D3D1F5B61EF00DDEB85;
					};
					1B506D5F1F5B61EF00DDEB85 = {
						CreatedOnToolsVersion = 8.2.1;
						ProvisioningStyle = Automatic;
						TestTargetID = 1B506D3D1F5B61EF00DDEB85;
					};
				};
			};
			buildConfigurationList = 1B506D391F5B61EF00DDEB85 /* Build configuration list for PBXProject "DarkSkyWeatherApp" */;
			compatibilityVersion = "Xcode 3.2";
			developmentRegion = English;
			hasScannedForEncodings = 0;
			knownRegions = (
				en,
				Base,
			);
			mainGroup = 1B506D351F5B61EF00DDEB85;
			productRefGroup = 1B506D3F1F5B61EF00DDEB85 /* Products */;
			projectDirPath = "";
			projectRoot = "";
			targets = (
				1B506D3D1F5B61EF00DDEB85 /* DarkSkyWeatherApp */,
				1B506D541F5B61EF00DDEB85 /* DarkSkyWeatherAppTests */,
				1B506D5F1F5B61EF00DDEB85 /* DarkSkyWeatherAppUITests */,
			);
		};
/* End PBXProject section */

/* Begin PBXResourcesBuildPhase section */
		1B506D3C1F5B61EF00DDEB85 /* Resources */ = {
			isa = PBXResourcesBuildPhase;
			buildActionMask = 2147483647;
			files = (
				1B506D4F1F5B61EF00DDEB85 /* LaunchScreen.storyboard in Resources */,
				1B506D4C1F5B61EF00DDEB85 /* Assets.xcassets in Resources */,
				1B506D471F5B61EF00DDEB85 /* Main.storyboard in Resources */,
			);
			runOnlyForDeploymentPostprocessing = 0;
		};
		1B506D531F5B61EF00DDEB85 /* Resources */ = {
			isa = PBXResourcesBuildPhase;
			buildActionMask = 2147483647;
			files = (
			);
			runOnlyForDeploymentPostprocessing = 0;
		};
		1B506D5E1F5B61EF00DDEB85 /* Resources */ = {
			isa = PBXResourcesBuildPhase;
			buildActionMask = 2147483647;
			files = (
			);
			runOnlyForDeploymentPostprocessing = 0;
		};
/* End PBXResourcesBuildPhase section */

/* Begin PBXSourcesBuildPhase section */
		1B506D3A1F5B61EF00DDEB85 /* Sources */ = {
			isa = PBXSourcesBuildPhase;
			buildActionMask = 2147483647;
			files = (
				1B506D771F5D018A00DDEB85 /* WeatherDataStore.swift in Sources */,
				1B506D441F5B61EF00DDEB85 /* ViewController.swift in Sources */,
				1B506D751F5D017200DDEB85 /* CurrentWeather.swift in Sources */,
				1B506D4A1F5B61EF00DDEB85 /* DarkSkyWeatherApp.xcdatamodeld in Sources */,
				1B506D421F5B61EF00DDEB85 /* AppDelegate.swift in Sources */,
				1B506D731F5B623F00DDEB85 /* DarkSkyAPIClient.swift in Sources */,
			);
			runOnlyForDeploymentPostprocessing = 0;
		};
		1B506D511F5B61EF00DDEB85 /* Sources */ = {
			isa = PBXSourcesBuildPhase;
			buildActionMask = 2147483647;
			files = (
				1B506D5A1F5B61EF00DDEB85 /* DarkSkyWeatherAppTests.swift in Sources */,
			);
			runOnlyForDeploymentPostprocessing = 0;
		};
		1B506D5C1F5B61EF00DDEB85 /* Sources */ = {
			isa = PBXSourcesBuildPhase;
			buildActionMask = 2147483647;
			files = (
				1B506D651F5B61EF00DDEB85 /* DarkSkyWeatherAppUITests.swift in Sources */,
			);
			runOnlyForDeploymentPostprocessing = 0;
		};
/* End PBXSourcesBuildPhase section */

/* Begin PBXTargetDependency section */
		1B506D571F5B61EF00DDEB85 /* PBXTargetDependency */ = {
			isa = PBXTargetDependency;
			target = 1B506D3D1F5B61EF00DDEB85 /* DarkSkyWeatherApp */;
			targetProxy = 1B506D561F5B61EF00DDEB85 /* PBXContainerItemProxy */;
		};
		1B506D621F5B61EF00DDEB85 /* PBXTargetDependency */ = {
			isa = PBXTargetDependency;
			target = 1B506D3D1F5B61EF00DDEB85 /* DarkSkyWeatherApp */;
			targetProxy = 1B506D611F5B61EF00DDEB85 /* PBXContainerItemProxy */;
		};
/* End PBXTargetDependency section */

/* Begin PBXVariantGroup section */
		1B506D451F5B61EF00DDEB85 /* Main.storyboard */ = {
			isa = PBXVariantGroup;
			children = (
				1B506D461F5B61EF00DDEB85 /* Base */,
			);
			name = Main.storyboard;
			sourceTree = "<group>";
		};
		1B506D4D1F5B61EF00DDEB85 /* LaunchScreen.storyboard */ = {
			isa = PBXVariantGroup;
			children = (
				1B506D4E1F5B61EF00DDEB85 /* Base */,
			);
			name = LaunchScreen.storyboard;
			sourceTree = "<group>";
		};
/* End PBXVariantGroup section */

/* Begin XCBuildConfiguration section */
		1B506D671F5B61EF00DDEB85 /* Debug */ = {
			isa = XCBuildConfiguration;
			buildSettings = {
				ALWAYS_SEARCH_USER_PATHS = NO;
				CLANG_ANALYZER_NONNULL = YES;
				CLANG_CXX_LANGUAGE_STANDARD = "gnu++0x";
				CLANG_CXX_LIBRARY = "libc++";
				CLANG_ENABLE_MODULES = YES;
				CLANG_ENABLE_OBJC_ARC = YES;
				CLANG_WARN_BOOL_CONVERSION = YES;
				CLANG_WARN_CONSTANT_CONVERSION = YES;
				CLANG_WARN_DIRECT_OBJC_ISA_USAGE = YES_ERROR;
				CLANG_WARN_DOCUMENTATION_COMMENTS = YES;
				CLANG_WARN_EMPTY_BODY = YES;
				CLANG_WARN_ENUM_CONVERSION = YES;
				CLANG_WARN_INFINITE_RECURSION = YES;
				CLANG_WARN_INT_CONVERSION = YES;
				CLANG_WARN_OBJC_ROOT_CLASS = YES_ERROR;
				CLANG_WARN_SUSPICIOUS_MOVE = YES;
				CLANG_WARN_UNREACHABLE_CODE = YES;
				CLANG_WARN__DUPLICATE_METHOD_MATCH = YES;
				"CODE_SIGN_IDENTITY[sdk=iphoneos*]" = "iPhone Developer";
				COPY_PHASE_STRIP = NO;
				DEBUG_INFORMATION_FORMAT = dwarf;
				ENABLE_STRICT_OBJC_MSGSEND = YES;
				ENABLE_TESTABILITY = YES;
				GCC_C_LANGUAGE_STANDARD = gnu99;
				GCC_DYNAMIC_NO_PIC = NO;
				GCC_NO_COMMON_BLOCKS = YES;
				GCC_OPTIMIZATION_LEVEL = 0;
				GCC_PREPROCESSOR_DEFINITIONS = (
					"DEBUG=1",
					"$(inherited)",
				);
				GCC_WARN_64_TO_32_BIT_CONVERSION = YES;
				GCC_WARN_ABOUT_RETURN_TYPE = YES_ERROR;
				GCC_WARN_UNDECLARED_SELECTOR = YES;
				GCC_WARN_UNINITIALIZED_AUTOS = YES_AGGRESSIVE;
				GCC_WARN_UNUSED_FUNCTION = YES;
				GCC_WARN_UNUSED_VARIABLE = YES;
				IPHONEOS_DEPLOYMENT_TARGET = 10.2;
				MTL_ENABLE_DEBUG_INFO = YES;
				ONLY_ACTIVE_ARCH = YES;
				SDKROOT = iphoneos;
				SWIFT_ACTIVE_COMPILATION_CONDITIONS = DEBUG;
				SWIFT_OPTIMIZATION_LEVEL = "-Onone";
			};
			name = Debug;
		};
		1B506D681F5B61EF00DDEB85 /* Release */ = {
			isa = XCBuildConfiguration;
			buildSettings = {
				ALWAYS_SEARCH_USER_PATHS = NO;
				CLANG_ANALYZER_NONNULL = YES;
				CLANG_CXX_LANGUAGE_STANDARD = "gnu++0x";
				CLANG_CXX_LIBRARY = "libc++";
				CLANG_ENABLE_MODULES = YES;
				CLANG_ENABLE_OBJC_ARC = YES;
				CLANG_WARN_BOOL_CONVERSION = YES;
				CLANG_WARN_CONSTANT_CONVERSION = YES;
				CLANG_WARN_DIRECT_OBJC_ISA_USAGE = YES_ERROR;
				CLANG_WARN_DOCUMENTATION_COMMENTS = YES;
				CLANG_WARN_EMPTY_BODY = YES;
				CLANG_WARN_ENUM_CONVERSION = YES;
				CLANG_WARN_INFINITE_RECURSION = YES;
				CLANG_WARN_INT_CONVERSION = YES;
				CLANG_WARN_OBJC_ROOT_CLASS = YES_ERROR;
				CLANG_WARN_SUSPICIOUS_MOVE = YES;
				CLANG_WARN_UNREACHABLE_CODE = YES;
				CLANG_WARN__DUPLICATE_METHOD_MATCH = YES;
				"CODE_SIGN_IDENTITY[sdk=iphoneos*]" = "iPhone Developer";
				COPY_PHASE_STRIP = NO;
				DEBUG_INFORMATION_FORMAT = "dwarf-with-dsym";
				ENABLE_NS_ASSERTIONS = NO;
				ENABLE_STRICT_OBJC_MSGSEND = YES;
				GCC_C_LANGUAGE_STANDARD = gnu99;
				GCC_NO_COMMON_BLOCKS = YES;
				GCC_WARN_64_TO_32_BIT_CONVERSION = YES;
				GCC_WARN_ABOUT_RETURN_TYPE = YES_ERROR;
				GCC_WARN_UNDECLARED_SELECTOR = YES;
				GCC_WARN_UNINITIALIZED_AUTOS = YES_AGGRESSIVE;
				GCC_WARN_UNUSED_FUNCTION = YES;
				GCC_WARN_UNUSED_VARIABLE = YES;
				IPHONEOS_DEPLOYMENT_TARGET = 10.2;
				MTL_ENABLE_DEBUG_INFO = NO;
				SDKROOT = iphoneos;
				SWIFT_OPTIMIZATION_LEVEL = "-Owholemodule";
				VALIDATE_PRODUCT = YES;
			};
			name = Release;
		};
		1B506D6A1F5B61EF00DDEB85 /* Debug */ = {
			isa = XCBuildConfiguration;
			buildSettings = {
				ASSETCATALOG_COMPILER_APPICON_NAME = AppIcon;
				INFOPLIST_FILE = DarkSkyWeatherApp/Info.plist;
				LD_RUNPATH_SEARCH_PATHS = "$(inherited) @executable_path/Frameworks";
				PRODUCT_BUNDLE_IDENTIFIER = com.first.DarkSkyWeatherApp;
				PRODUCT_NAME = "$(TARGET_NAME)";
				SWIFT_VERSION = 3.0;
			};
			name = Debug;
		};
		1B506D6B1F5B61EF00DDEB85 /* Release */ = {
			isa = XCBuildConfiguration;
			buildSettings = {
				ASSETCATALOG_COMPILER_APPICON_NAME = AppIcon;
				INFOPLIST_FILE = DarkSkyWeatherApp/Info.plist;
				LD_RUNPATH_SEARCH_PATHS = "$(inherited) @executable_path/Frameworks";
				PRODUCT_BUNDLE_IDENTIFIER = com.first.DarkSkyWeatherApp;
				PRODUCT_NAME = "$(TARGET_NAME)";
				SWIFT_VERSION = 3.0;
			};
			name = Release;
		};
		1B506D6D1F5B61EF00DDEB85 /* Debug */ = {
			isa = XCBuildConfiguration;
			buildSettings = {
				ALWAYS_EMBED_SWIFT_STANDARD_LIBRARIES = YES;
				BUNDLE_LOADER = "$(TEST_HOST)";
				INFOPLIST_FILE = DarkSkyWeatherAppTests/Info.plist;
				LD_RUNPATH_SEARCH_PATHS = "$(inherited) @executable_path/Frameworks @loader_path/Frameworks";
				PRODUCT_BUNDLE_IDENTIFIER = com.first.DarkSkyWeatherAppTests;
				PRODUCT_NAME = "$(TARGET_NAME)";
				SWIFT_VERSION = 3.0;
				TEST_HOST = "$(BUILT_PRODUCTS_DIR)/DarkSkyWeatherApp.app/DarkSkyWeatherApp";
			};
			name = Debug;
		};
		1B506D6E1F5B61EF00DDEB85 /* Release */ = {
			isa = XCBuildConfiguration;
			buildSettings = {
				ALWAYS_EMBED_SWIFT_STANDARD_LIBRARIES = YES;
				BUNDLE_LOADER = "$(TEST_HOST)";
				INFOPLIST_FILE = DarkSkyWeatherAppTests/Info.plist;
				LD_RUNPATH_SEARCH_PATHS = "$(inherited) @executable_path/Frameworks @loader_path/Frameworks";
				PRODUCT_BUNDLE_IDENTIFIER = com.first.DarkSkyWeatherAppTests;
				PRODUCT_NAME = "$(TARGET_NAME)";
				SWIFT_VERSION = 3.0;
				TEST_HOST = "$(BUILT_PRODUCTS_DIR)/DarkSkyWeatherApp.app/DarkSkyWeatherApp";
			};
			name = Release;
		};
		1B506D701F5B61EF00DDEB85 /* Debug */ = {
			isa = XCBuildConfiguration;
			buildSettings = {
				ALWAYS_EMBED_SWIFT_STANDARD_LIBRARIES = YES;
				INFOPLIST_FILE = DarkSkyWeatherAppUITests/Info.plist;
				LD_RUNPATH_SEARCH_PATHS = "$(inherited) @executable_path/Frameworks @loader_path/Frameworks";
				PRODUCT_BUNDLE_IDENTIFIER = com.first.DarkSkyWeatherAppUITests;
				PRODUCT_NAME = "$(TARGET_NAME)";
				SWIFT_VERSION = 3.0;
				TEST_TARGET_NAME = DarkSkyWeatherApp;
			};
			name = Debug;
		};
		1B506D711F5B61EF00DDEB85 /* Release */ = {
			isa = XCBuildConfiguration;
			buildSettings = {
				ALWAYS_EMBED_SWIFT_STANDARD_LIBRARIES = YES;
				INFOPLIST_FILE = DarkSkyWeatherAppUITests/Info.plist;
				LD_RUNPATH_SEARCH_PATHS = "$(inherited) @executable_path/Frameworks @loader_path/Frameworks";
				PRODUCT_BUNDLE_IDENTIFIER = com.first.DarkSkyWeatherAppUITests;
				PRODUCT_NAME = "$(TARGET_NAME)";
				SWIFT_VERSION = 3.0;
				TEST_TARGET_NAME = DarkSkyWeatherApp;
			};
			name = Release;
		};
/* End XCBuildConfiguration section */

/* Begin XCConfigurationList section */
		1B506D391F5B61EF00DDEB85 /* Build configuration list for PBXProject "DarkSkyWeatherApp" */ = {
			isa = XCConfigurationList;
			buildConfigurations = (
				1B506D671F5B61EF00DDEB85 /* Debug */,
				1B506D681F5B61EF00DDEB85 /* Release */,
			);
			defaultConfigurationIsVisible = 0;
			defaultConfigurationName = Release;
		};
		1B506D691F5B61EF00DDEB85 /* Build configuration list for PBXNativeTarget "DarkSkyWeatherApp" */ = {
			isa = XCConfigurationList;
			buildConfigurations = (
				1B506D6A1F5B61EF00DDEB85 /* Debug */,
				1B506D6B1F5B61EF00DDEB85 /* Release */,
			);
			defaultConfigurationIsVisible = 0;
			defaultConfigurationName = Release;
		};
		1B506D6C1F5B61EF00DDEB85 /* Build configuration list for PBXNativeTarget "DarkSkyWeatherAppTests" */ = {
			isa = XCConfigurationList;
			buildConfigurations = (
				1B506D6D1F5B61EF00DDEB85 /* Debug */,
				1B506D6E1F5B61EF00DDEB85 /* Release */,
			);
			defaultConfigurationIsVisible = 0;
			defaultConfigurationName = Release;
		};
		1B506D6F1F5B61EF00DDEB85 /* Build configuration list for PBXNativeTarget "DarkSkyWeatherAppUITests" */ = {
			isa = XCConfigurationList;
			buildConfigurations = (
				1B506D701F5B61EF00DDEB85 /* Debug */,
				1B506D711F5B61EF00DDEB85 /* Release */,
			);
			defaultConfigurationIsVisible = 0;
			defaultConfigurationName = Release;
		};
/* End XCConfigurationList section */

/* Begin XCVersionGroup section */
		1B506D481F5B61EF00DDEB85 /* DarkSkyWeatherApp.xcdatamodeld */ = {
			isa = XCVersionGroup;
			children = (
				1B506D491F5B61EF00DDEB85 /* DarkSkyWeatherApp.xcdatamodel */,
			);
			currentVersion = 1B506D491F5B61EF00DDEB85 /* DarkSkyWeatherApp.xcdatamodel */;
			path = DarkSkyWeatherApp.xcdatamodeld;
			sourceTree = "<group>";
			versionGroupType = wrapper.xcdatamodel;
		};
/* End XCVersionGroup section */
	};
	rootObject = 1B506D361F5B61EF00DDEB85 /* Project object */;
}
